
Microsoft Visual Studio Solution File, Format Version 12.00
# Visual Studio 15
Project("{FAE04EC0-301F-11D3-BF4B-00C04F79EFBC}") = "Assembly-CSharp", "Assembly-CSharp.csproj", "{DEE3F898-E833-3B39-5A74-B31B43C6BE74}"
EndProject
Project("{FAE04EC0-301F-11D3-BF4B-00C04F79EFBC}") = "Assembly-CSharp-Editor", "Assembly-CSharp-Editor.csproj", "{66F352B6-3F95-62BC-E881-8573CEF75C1E}"
EndProject
Global
	GlobalSection(SolutionConfigurationPlatforms) = preSolution
		Debug|Any CPU = Debug|Any CPU
		Release|Any CPU = Release|Any CPU
	EndGlobalSection
	GlobalSection(ProjectConfigurationPlatforms) = postSolution
		{DEE3F898-E833-3B39-5A74-B31B43C6BE74}.Debug|Any CPU.ActiveCfg = Debug|Any CPU
		{DEE3F898-E833-3B39-5A74-B31B43C6BE74}.Debug|Any CPU.Build.0 = Debug|Any CPU
		{DEE3F898-E833-3B39-5A74-B31B43C6BE74}.Release|Any CPU.ActiveCfg = Release|Any CPU
		{DEE3F898-E833-3B39-5A74-B31B43C6BE74}.Release|Any CPU.Build.0 = Release|Any CPU
		{66F352B6-3F95-62BC-E881-8573CEF75C1E}.Debug|Any CPU.ActiveCfg = Debug|Any CPU
		{66F352B6-3F95-62BC-E881-8573CEF75C1E}.Debug|Any CPU.Build.0 = Debug|Any CPU
		{66F352B6-3F95-62BC-E881-8573CEF75C1E}.Release|Any CPU.ActiveCfg = Release|Any CPU
		{66F352B6-3F95-62BC-E881-8573CEF75C1E}.Release|Any CPU.Build.0 = Release|Any CPU
	EndGlobalSection
	GlobalSection(SolutionProperties) = preSolution
		HideSolutionNode = FALSE
	EndGlobalSection
EndGlobal
